// !$*UTF8*$!
{
	archiveVersion = 1;
	classes = {
	};
	objectVersion = 46;
	objects = {

/* Begin PBXBuildFile section */
		3962C74320687B150023180A /* AppDelegate.swift in Sources */ = {isa = PBXBuildFile; fileRef = 3962C74220687B150023180A /* AppDelegate.swift */; };
		3962C74520687B150023180A /* ViewController.swift in Sources */ = {isa = PBXBuildFile; fileRef = 3962C74420687B150023180A /* ViewController.swift */; };
		3962C74820687B150023180A /* Main.storyboard in Resources */ = {isa = PBXBuildFile; fileRef = 3962C74620687B150023180A /* Main.storyboard */; };
		3962C74B20687B150023180A /* MyFavoriteAnimals.xcdatamodeld in Sources */ = {isa = PBXBuildFile; fileRef = 3962C74920687B150023180A /* MyFavoriteAnimals.xcdatamodeld */; };
		3962C74D20687B150023180A /* Assets.xcassets in Resources */ = {isa = PBXBuildFile; fileRef = 3962C74C20687B150023180A /* Assets.xcassets */; };
		3962C75020687B150023180A /* LaunchScreen.storyboard in Resources */ = {isa = PBXBuildFile; fileRef = 3962C74E20687B150023180A /* LaunchScreen.storyboard */; };
/* End PBXBuildFile section */

/* Begin PBXFileReference section */
		3962C73F20687B150023180A /* MyFavoriteAnimals.app */ = {isa = PBXFileReference; explicitFileType = wrapper.application; includeInIndex = 0; path = MyFavoriteAnimals.app; sourceTree = BUILT_PRODUCTS_DIR; };
		3962C74220687B150023180A /* AppDelegate.swift */ = {isa = PBXFileReference; lastKnownFileType = sourcecode.swift; path = AppDelegate.swift; sourceTree = "<group>"; };
		3962C74420687B150023180A /* ViewController.swift */ = {isa = PBXFileReference; lastKnownFileType = sourcecode.swift; path = ViewController.swift; sourceTree = "<group>"; };
		3962C74720687B150023180A /* Base */ = {isa = PBXFileReference; lastKnownFileType = file.storyboard; name = Base; path = Base.lproj/Main.storyboard; sourceTree = "<group>"; };
		3962C74A20687B150023180A /* MyFavoriteAnimals.xcdatamodel */ = {isa = PBXFileReference; lastKnownFileType = wrapper.xcdatamodel; path = MyFavoriteAnimals.xcdatamodel; sourceTree = "<group>"; };
		3962C74C20687B150023180A /* Assets.xcassets */ = {isa = PBXFileReference; lastKnownFileType = folder.assetcatalog; path = Assets.xcassets; sourceTree = "<group>"; };
		3962C74F20687B150023180A /* Base */ = {isa = PBXFileReference; lastKnownFileType = file.storyboard; name = Base; path = Base.lproj/LaunchScreen.storyboard; sourceTree = "<group>"; };
		3962C75120687B150023180A /* Info.plist */ = {isa = PBXFileReference; lastKnownFileType = text.plist.xml; path = Info.plist; sourceTree = "<group>"; };
/* End PBXFileReference section */

/* Begin PBXFrameworksBuildPhase section */
		3962C73C20687B150023180A /* Frameworks */ = {
			isa = PBXFrameworksBuildPhase;
			buildActionMask = 2147483647;
			files = (
			);
			runOnlyForDeploymentPostprocessing = 0;
		};
/* End PBXFrameworksBuildPhase section */

/* Begin PBXGroup section */
		3962C73620687B150023180A = {
			isa = PBXGroup;
			children = (
				3962C74120687B150023180A /* MyFavoriteAnimals */,
				3962C74020687B150023180A /* Products */,
			);
			sourceTree = "<group>";
		};
		3962C74020687B150023180A /* Products */ = {
			isa = PBXGroup;
			children = (
				3962C73F20687B150023180A /* MyFavoriteAnimals.app */,
			);
			name = Products;
			sourceTree = "<group>";
		};
		3962C74120687B150023180A /* MyFavoriteAnimals */ = {
			isa = PBXGroup;
			children = (
				3962C74220687B150023180A /* AppDelegate.swift */,
				3962C74420687B150023180A /* ViewController.swift */,
				3962C74620687B150023180A /* Main.storyboard */,
				3962C74C20687B150023180A /* Assets.xcassets */,
				3962C74E20687B150023180A /* LaunchScreen.storyboard */,
				3962C75120687B150023180A /* Info.plist */,
				3962C74920687B150023180A /* MyFavoriteAnimals.xcdatamodeld */,
			);
			path = MyFavoriteAnimals;
			sourceTree = "<group>";
		};
/* End PBXGroup section */

/* Begin PBXNativeTarget section */
		3962C73E20687B150023180A /* MyFavoriteAnimals */ = {
			isa = PBXNativeTarget;
			buildConfigurationList = 3962C75420687B150023180A /* Build configuration list for PBXNativeTarget "MyFavoriteAnimals" */;
			buildPhases = (
				3962C73B20687B150023180A /* Sources */,
				3962C73C20687B150023180A /* Frameworks */,
				3962C73D20687B150023180A /* Resources */,
			);
			buildRules = (
			);
			dependencies = (
			);
			name = MyFavoriteAnimals;
			productName = MyFavoriteAnimals;
			productReference = 3962C73F20687B150023180A /* MyFavoriteAnimals.app */;
			productType = "com.apple.product-type.application";
		};
/* End PBXNativeTarget section */

/* Begin PBXProject section */
		3962C73720687B150023180A /* Project object */ = {
			isa = PBXProject;
			attributes = {
				LastSwiftUpdateCheck = 0830;
				LastUpgradeCheck = 0830;
				ORGANIZATIONNAME = "Mohamed Taher";
				TargetAttributes = {
					3962C73E20687B150023180A = {
						CreatedOnToolsVersion = 8.3.3;
						ProvisioningStyle = Automatic;
					};
				};
			};
			buildConfigurationList = 3962C73A20687B150023180A /* Build configuration list for PBXProject "MyFavoriteAnimals" */;
			compatibilityVersion = "Xcode 3.2";
			developmentRegion = English;
			hasScannedForEncodings = 0;
			knownRegions = (
				en,
				Base,
			);
			mainGroup = 3962C73620687B150023180A;
			productRefGroup = 3962C74020687B150023180A /* Products */;
			projectDirPath = "";
			projectRoot = "";
			targets = (
				3962C73E20687B150023180A /* MyFavoriteAnimals */,
			);
		};
/* End PBXProject section */

/* Begin PBXResourcesBuildPhase section */
		3962C73D20687B150023180A /* Resources */ = {
			isa = PBXResourcesBuildPhase;
			buildActionMask = 2147483647;
			files = (
				3962C75020687B150023180A /* LaunchScreen.storyboard in Resources */,
				3962C74D20687B150023180A /* Assets.xcassets in Resources */,
				3962C74820687B150023180A /* Main.storyboard in Resources */,
			);
			runOnlyForDeploymentPostprocessing = 0;
		};
/* End PBXResourcesBuildPhase section */

/* Begin PBXSourcesBuildPhase section */
		3962C73B20687B150023180A /* Sources */ = {
			isa = PBXSourcesBuildPhase;
			buildActionMask = 2147483647;
			files = (
				3962C74520687B150023180A /* ViewController.swift in Sources */,
				3962C74B20687B150023180A /* MyFavoriteAnimals.xcdatamodeld in Sources */,
				3962C74320687B150023180A /* AppDelegate.swift in Sources */,
			);
			runOnlyForDeploymentPostprocessing = 0;
		};
/* End PBXSourcesBuildPhase section */

/* Begin PBXVariantGroup section */
		3962C74620687B150023180A /* Main.storyboard */ = {
			isa = PBXVariantGroup;
			children = (
				3962C74720687B150023180A /* Base */,
			);
			name = Main.storyboard;
			sourceTree = "<group>";
		};
		3962C74E20687B150023180A /* LaunchScreen.storyboard */ = {
			isa = PBXVariantGroup;
			children = (
				3962C74F20687B150023180A /* Base */,
			);
			name = LaunchScreen.storyboard;
			sourceTree = "<group>";
		};
/* End PBXVariantGroup section */

/* Begin XCBuildConfiguration section */
		3962C75220687B150023180A /* Debug */ = {
			isa = XCBuildConfiguration;
			buildSettings = {
				ALWAYS_SEARCH_USER_PATHS = NO;
				CLANG_ANALYZER_NONNULL = YES;
				CLANG_ANALYZER_NUMBER_OBJECT_CONVERSION = YES_AGGRESSIVE;
				CLANG_CXX_LANGUAGE_STANDARD = "gnu++0x";
				CLANG_CXX_LIBRARY = "libc++";
				CLANG_ENABLE_MODULES = YES;
				CLANG_ENABLE_OBJC_ARC = YES;
				CLANG_WARN_BOOL_CONVERSION = YES;
				CLANG_WARN_CONSTANT_CONVERSION = YES;
				CLANG_WARN_DIRECT_OBJC_ISA_USAGE = YES_ERROR;
				CLANG_WARN_DOCUMENTATION_COMMENTS = YES;
				CLANG_WARN_EMPTY_BODY = YES;
				CLANG_WARN_ENUM_CONVERSION = YES;
				CLANG_WARN_INFINITE_RECURSION = YES;
				CLANG_WARN_INT_CONVERSION = YES;
				CLANG_WARN_OBJC_ROOT_CLASS = YES_ERROR;
				CLANG_WARN_SUSPICIOUS_MOVE = YES;
				CLANG_WARN_UNREACHABLE_CODE = YES;
				CLANG_WARN__DUPLICATE_METHOD_MATCH = YES;
				"CODE_SIGN_IDENTITY[sdk=iphoneos*]" = "iPhone Developer";
				COPY_PHASE_STRIP = NO;
				DEBUG_INFORMATION_FORMAT = dwarf;
				ENABLE_STRICT_OBJC_MSGSEND = YES;
				ENABLE_TESTABILITY = YES;
				GCC_C_LANGUAGE_STANDARD = gnu99;
				GCC_DYNAMIC_NO_PIC = NO;
				GCC_NO_COMMON_BLOCKS = YES;
				GCC_OPTIMIZATION_LEVEL = 0;
				GCC_PREPROCESSOR_DEFINITIONS = (
					"DEBUG=1",
					"$(inherited)",
				);
				GCC_WARN_64_TO_32_BIT_CONVERSION = YES;
				GCC_WARN_ABOUT_RETURN_TYPE = YES_ERROR;
				GCC_WARN_UNDECLARED_SELECTOR = YES;
				GCC_WARN_UNINITIALIZED_AUTOS = YES_AGGRESSIVE;
				GCC_WARN_UNUSED_FUNCTION = YES;
				GCC_WARN_UNUSED_VARIABLE = YES;
				IPHONEOS_DEPLOYMENT_TARGET = 10.3;
				MTL_ENABLE_DEBUG_INFO = YES;
				ONLY_ACTIVE_ARCH = YES;
				SDKROOT = iphoneos;
				SWIFT_ACTIVE_COMPILATION_CONDITIONS = DEBUG;
				SWIFT_OPTIMIZATION_LEVEL = "-Onone";
				TARGETED_DEVICE_FAMILY = "1,2";
			};
			name = Debug;
		};
		3962C75320687B150023180A /* Release */ = {
			isa = XCBuildConfiguration;
			buildSettings = {
				ALWAYS_SEARCH_USER_PATHS = NO;
				CLANG_ANALYZER_NONNULL = YES;
				CLANG_ANALYZER_NUMBER_OBJECT_CONVERSION = YES_AGGRESSIVE;
				CLANG_CXX_LANGUAGE_STANDARD = "gnu++0x";
				CLANG_CXX_LIBRARY = "libc++";
				CLANG_ENABLE_MODULES = YES;
				CLANG_ENABLE_OBJC_ARC = YES;
				CLANG_WARN_BOOL_CONVERSION = YES;
				CLANG_WARN_CONSTANT_CONVERSION = YES;
				CLANG_WARN_DIRECT_OBJC_ISA_USAGE = YES_ERROR;
				CLANG_WARN_DOCUMENTATION_COMMENTS = YES;
				CLANG_WARN_EMPTY_BODY = YES;
				CLANG_WARN_ENUM_CONVERSION = YES;
				CLANG_WARN_INFINITE_RECURSION = YES;
				CLANG_WARN_INT_CONVERSION = YES;
				CLANG_WARN_OBJC_ROOT_CLASS = YES_ERROR;
				CLANG_WARN_SUSPICIOUS_MOVE = YES;
				CLANG_WARN_UNREACHABLE_CODE = YES;
				CLANG_WARN__DUPLICATE_METHOD_MATCH = YES;
				"CODE_SIGN_IDENTITY[sdk=iphoneos*]" = "iPhone Developer";
				COPY_PHASE_STRIP = NO;
				DEBUG_INFORMATION_FORMAT = "dwarf-with-dsym";
				ENABLE_NS_ASSERTIONS = NO;
				ENABLE_STRICT_OBJC_MSGSEND = YES;
				GCC_C_LANGUAGE_STANDARD = gnu99;
				GCC_NO_COMMON_BLOCKS = YES;
				GCC_WARN_64_TO_32_BIT_CONVERSION = YES;
				GCC_WARN_ABOUT_RETURN_TYPE = YES_ERROR;
				GCC_WARN_UNDECLARED_SELECTOR = YES;
				GCC_WARN_UNINITIALIZED_AUTOS = YES_AGGRESSIVE;
				GCC_WARN_UNUSED_FUNCTION = YES;
				GCC_WARN_UNUSED_VARIABLE = YES;
				IPHONEOS_DEPLOYMENT_TARGET = 10.3;
				MTL_ENABLE_DEBUG_INFO = NO;
				SDKROOT = iphoneos;
				SWIFT_OPTIMIZATION_LEVEL = "-Owholemodule";
				TARGETED_DEVICE_FAMILY = "1,2";
				VALIDATE_PRODUCT = YES;
			};
			name = Release;
		};
		3962C75520687B150023180A /* Debug */ = {
			isa = XCBuildConfiguration;
			buildSettings = {
				ASSETCATALOG_COMPILER_APPICON_NAME = AppIcon;
				INFOPLIST_FILE = MyFavoriteAnimals/Info.plist;
				LD_RUNPATH_SEARCH_PATHS = "$(inherited) @executable_path/Frameworks";
				PRODUCT_BUNDLE_IDENTIFIER = MT.MyFavoriteAnimals;
				PRODUCT_NAME = "$(TARGET_NAME)";
				SWIFT_VERSION = 3.0;
			};
			name = Debug;
		};
		3962C75620687B150023180A /* Release */ = {
			isa = XCBuildConfiguration;
			buildSettings = {
				ASSETCATALOG_COMPILER_APPICON_NAME = AppIcon;
				INFOPLIST_FILE = MyFavoriteAnimals/Info.plist;
				LD_RUNPATH_SEARCH_PATHS = "$(inherited) @executable_path/Frameworks";
				PRODUCT_BUNDLE_IDENTIFIER = MT.MyFavoriteAnimals;
				PRODUCT_NAME = "$(TARGET_NAME)";
				SWIFT_VERSION = 3.0;
			};
			name = Release;
		};
/* End XCBuildConfiguration section */

/* Begin XCConfigurationList section */
		3962C73A20687B150023180A /* Build configuration list for PBXProject "MyFavoriteAnimals" */ = {
			isa = XCConfigurationList;
			buildConfigurations = (
				3962C75220687B150023180A /* Debug */,
				3962C75320687B150023180A /* Release */,
			);
			defaultConfigurationIsVisible = 0;
			defaultConfigurationName = Release;
		};
		3962C75420687B150023180A /* Build configuration list for PBXNativeTarget "MyFavoriteAnimals" */ = {
			isa = XCConfigurationList;
			buildConfigurations = (
				3962C75520687B150023180A /* Debug */,
				3962C75620687B150023180A /* Release */,
			);
			defaultConfigurationIsVisible = 0;
		};
/* End XCConfigurationList section */

/* Begin XCVersionGroup section */
		3962C74920687B150023180A /* MyFavoriteAnimals.xcdatamodeld */ = {
			isa = XCVersionGroup;
			children = (
				3962C74A20687B150023180A /* MyFavoriteAnimals.xcdatamodel */,
			);
			currentVersion = 3962C74A20687B150023180A /* MyFavoriteAnimals.xcdatamodel */;
			path = MyFavoriteAnimals.xcdatamodeld;
			sourceTree = "<group>";
			versionGroupType = wrapper.xcdatamodel;
		};
/* End XCVersionGroup section */
	};
	rootObject = 3962C73720687B150023180A /* Project object */;
}
